// !$*UTF8*$!
{
	archiveVersion = 1;
	classes = {
	};
	objectVersion = 55;
	objects = {

/* Begin PBXFileReference section */
		19644F702BF3BED900D343CF /* PhotFeatures_Ray.py */ = {isa = PBXFileReference; lastKnownFileType = text.script.python; path = PhotFeatures_Ray.py; sourceTree = "<group>"; };
		19644F712BF3C22100D343CF /* NIR */ = {isa = PBXFileReference; lastKnownFileType = folder; name = NIR; path = ../../../../../Work/ClassIII_All_Derred_runable/NIR; sourceTree = "<group>"; };
		19644F722BF3C22100D343CF /* UVB */ = {isa = PBXFileReference; lastKnownFileType = folder; name = UVB; path = ../../../../../Work/ClassIII_All_Derred_runable/UVB; sourceTree = "<group>"; };
		19644F732BF3C22200D343CF /* VIS */ = {isa = PBXFileReference; lastKnownFileType = folder; name = VIS; path = ../../../../../Work/ClassIII_All_Derred_runable/VIS; sourceTree = "<group>"; };
/* End PBXFileReference section */

/* Begin PBXGroup section */
		19644F692BF3BDF800D343CF = {
			isa = PBXGroup;
			children = (
				19644F712BF3C22100D343CF /* NIR */,
				19644F722BF3C22100D343CF /* UVB */,
				19644F732BF3C22200D343CF /* VIS */,
				19644F702BF3BED900D343CF /* PhotFeatures_Ray.py */,
			);
			sourceTree = "<group>";
		};
/* End PBXGroup section */

/* Begin PBXProject section */
		19644F6A2BF3BDF900D343CF /* Project object */ = {
			isa = PBXProject;
			attributes = {
				BuildIndependentTargetsInParallel = 1;
				LastUpgradeCheck = 1320;
			};
			buildConfigurationList = 19644F6D2BF3BDF900D343CF /* Build configuration list for PBXProject "Frappe" */;
			compatibilityVersion = "Xcode 13.0";
			developmentRegion = en;
			hasScannedForEncodings = 0;
			knownRegions = (
				en,
				Base,
			);
			mainGroup = 19644F692BF3BDF800D343CF;
			projectDirPath = "";
			projectRoot = "";
			targets = (
			);
		};
/* End PBXProject section */

/* Begin XCBuildConfiguration section */
		19644F6E2BF3BDF900D343CF /* Debug */ = {
			isa = XCBuildConfiguration;
			buildSettings = {
			};
			name = Debug;
		};
		19644F6F2BF3BDF900D343CF /* Release */ = {
			isa = XCBuildConfiguration;
			buildSettings = {
			};
			name = Release;
		};
/* End XCBuildConfiguration section */

/* Begin XCConfigurationList section */
		19644F6D2BF3BDF900D343CF /* Build configuration list for PBXProject "Frappe" */ = {
			isa = XCConfigurationList;
			buildConfigurations = (
				19644F6E2BF3BDF900D343CF /* Debug */,
				19644F6F2BF3BDF900D343CF /* Release */,
			);
			defaultConfigurationIsVisible = 0;
			defaultConfigurationName = Release;
		};
/* End XCConfigurationList section */
	};
	rootObject = 19644F6A2BF3BDF900D343CF /* Project object */;
}
